# THIS IS AN AUTOGENERATED FILE. DO NOT EDIT THIS FILE DIRECTLY.
# yarn lockfile v1


uWebSockets.js@uNetworking/uWebSockets.js#v20.4.0:
  version "20.4.0"
  resolved "https://codeload.github.com/uNetworking/uWebSockets.js/tar.gz/65f39bdff763be3883e6cf18e433dd4fec155845"

yarn@^1.22.17:
  version "1.22.17"
  resolved "https://registry.yarnpkg.com/yarn/-/yarn-1.22.17.tgz#bf910747d22497b573131f7341c0e1d15c74036c"
  integrity sha512-H0p241BXaH0UN9IeH//RT82tl5PfNraVpSpEoW+ET7lmopNC61eZ+A+IDvU8FM6Go5vx162SncDL8J1ZjRBriQ==
